
Microsoft Visual Studio Solution File, Format Version 12.00
# Visual Studio Version 16
VisualStudioVersion = 16.0.29609.76
MinimumVisualStudioVersion = 10.0.40219.1
Project("{FAE04EC0-301F-11D3-BF4B-00C04F79EFBC}") = "Multi-Threading-Quete1", "Multi-Threading-Quete1.csproj", "{03A2F07E-62B1-4BDF-A940-2EFD5B58D54C}"
EndProject
Global
	GlobalSection(SolutionConfigurationPlatforms) = preSolution
		Debug|Any CPU = Debug|Any CPU
		Release|Any CPU = Release|Any CPU
	EndGlobalSection
	GlobalSection(ProjectConfigurationPlatforms) = postSolution
		{03A2F07E-62B1-4BDF-A940-2EFD5B58D54C}.Debug|Any CPU.ActiveCfg = Debug|Any CPU
		{03A2F07E-62B1-4BDF-A940-2EFD5B58D54C}.Debug|Any CPU.Build.0 = Debug|Any CPU
		{03A2F07E-62B1-4BDF-A940-2EFD5B58D54C}.Release|Any CPU.ActiveCfg = Release|Any CPU
		{03A2F07E-62B1-4BDF-A940-2EFD5B58D54C}.Release|Any CPU.Build.0 = Release|Any CPU
	EndGlobalSection
	GlobalSection(SolutionProperties) = preSolution
		HideSolutionNode = FALSE
	EndGlobalSection
	GlobalSection(ExtensibilityGlobals) = postSolution
		SolutionGuid = {958B1ABB-2855-4378-A99D-660F0E9B65B0}
	EndGlobalSection
EndGlobal
